// !$*UTF8*$!
{
	archiveVersion = 1;
	classes = {
	};
	objectVersion = 51;
	objects = {

/* Begin PBXBuildFile section */
		259F869B25FA0F7F007DAC4A /* AppDelegate.swift in Sources */ = {isa = PBXBuildFile; fileRef = 259F869A25FA0F7F007DAC4A /* AppDelegate.swift */; };
		259F869D25FA0F7F007DAC4A /* SceneDelegate.swift in Sources */ = {isa = PBXBuildFile; fileRef = 259F869C25FA0F7F007DAC4A /* SceneDelegate.swift */; };
		259F869F25FA0F7F007DAC4A /* ViewController.swift in Sources */ = {isa = PBXBuildFile; fileRef = 259F869E25FA0F7F007DAC4A /* ViewController.swift */; };
		259F86A225FA0F7F007DAC4A /* Main.storyboard in Resources */ = {isa = PBXBuildFile; fileRef = 259F86A025FA0F7F007DAC4A /* Main.storyboard */; };
		259F86A425FA0F81007DAC4A /* Assets.xcassets in Resources */ = {isa = PBXBuildFile; fileRef = 259F86A325FA0F81007DAC4A /* Assets.xcassets */; };
		259F86A725FA0F81007DAC4A /* LaunchScreen.storyboard in Resources */ = {isa = PBXBuildFile; fileRef = 259F86A525FA0F81007DAC4A /* LaunchScreen.storyboard */; };
		259F86B225FA0F81007DAC4A /* RxFlickrSearchTests.swift in Sources */ = {isa = PBXBuildFile; fileRef = 259F86B125FA0F81007DAC4A /* RxFlickrSearchTests.swift */; };
		259F86BD25FA0F81007DAC4A /* RxFlickrSearchUITests.swift in Sources */ = {isa = PBXBuildFile; fileRef = 259F86BC25FA0F81007DAC4A /* RxFlickrSearchUITests.swift */; };
		259F86DD25FA5A5A007DAC4A /* APIService.swift in Sources */ = {isa = PBXBuildFile; fileRef = 259F86DC25FA5A5A007DAC4A /* APIService.swift */; };
		259F86E225FA5A6C007DAC4A /* ViewModel.swift in Sources */ = {isa = PBXBuildFile; fileRef = 259F86E125FA5A6C007DAC4A /* ViewModel.swift */; };
		259F86ED25FA5B3C007DAC4A /* PhotoCollectionViewCell.swift in Sources */ = {isa = PBXBuildFile; fileRef = 259F86EC25FA5B3C007DAC4A /* PhotoCollectionViewCell.swift */; };
		259F86F525FA5DAB007DAC4A /* HeaderCollectionReusableView.swift in Sources */ = {isa = PBXBuildFile; fileRef = 259F86F425FA5DAB007DAC4A /* HeaderCollectionReusableView.swift */; };
		25AEF50525FBB457005AA645 /* PhotoModel.swift in Sources */ = {isa = PBXBuildFile; fileRef = 25AEF50425FBB457005AA645 /* PhotoModel.swift */; };
		25AEF50925FC4FCE005AA645 /* APIService.swift in Sources */ = {isa = PBXBuildFile; fileRef = 259F86DC25FA5A5A007DAC4A /* APIService.swift */; };
		25AEF50D25FC505E005AA645 /* PhotoModel.swift in Sources */ = {isa = PBXBuildFile; fileRef = 25AEF50425FBB457005AA645 /* PhotoModel.swift */; };
		385259FECCDBC4ECC286B8AD /* Pods_RxFlickrSearchTests.framework in Frameworks */ = {isa = PBXBuildFile; fileRef = EA4F15F7A415E97880CF8DE9 /* Pods_RxFlickrSearchTests.framework */; };
		78185F2F837CF5813F78A4CD /* Pods_RxFlickrSearch_RxFlickrSearchUITests.framework in Frameworks */ = {isa = PBXBuildFile; fileRef = 3C28D1E888C4C8F9D968542F /* Pods_RxFlickrSearch_RxFlickrSearchUITests.framework */; };
		CFF652937139CF9222852BC4 /* Pods_RxFlickrSearch.framework in Frameworks */ = {isa = PBXBuildFile; fileRef = E459AC1ED29C7659B5B41C11 /* Pods_RxFlickrSearch.framework */; };
/* End PBXBuildFile section */

/* Begin PBXContainerItemProxy section */
		259F86AE25FA0F81007DAC4A /* PBXContainerItemProxy */ = {
			isa = PBXContainerItemProxy;
			containerPortal = 259F868F25FA0F7F007DAC4A /* Project object */;
			proxyType = 1;
			remoteGlobalIDString = 259F869625FA0F7F007DAC4A;
			remoteInfo = RxFlickrSearch;
		};
		259F86B925FA0F81007DAC4A /* PBXContainerItemProxy */ = {
			isa = PBXContainerItemProxy;
			containerPortal = 259F868F25FA0F7F007DAC4A /* Project object */;
			proxyType = 1;
			remoteGlobalIDString = 259F869625FA0F7F007DAC4A;
			remoteInfo = RxFlickrSearch;
		};
/* End PBXContainerItemProxy section */

/* Begin PBXFileReference section */
		259F869725FA0F7F007DAC4A /* RxFlickrSearch.app */ = {isa = PBXFileReference; explicitFileType = wrapper.application; includeInIndex = 0; path = RxFlickrSearch.app; sourceTree = BUILT_PRODUCTS_DIR; };
		259F869A25FA0F7F007DAC4A /* AppDelegate.swift */ = {isa = PBXFileReference; lastKnownFileType = sourcecode.swift; path = AppDelegate.swift; sourceTree = "<group>"; };
		259F869C25FA0F7F007DAC4A /* SceneDelegate.swift */ = {isa = PBXFileReference; lastKnownFileType = sourcecode.swift; path = SceneDelegate.swift; sourceTree = "<group>"; };
		259F869E25FA0F7F007DAC4A /* ViewController.swift */ = {isa = PBXFileReference; lastKnownFileType = sourcecode.swift; path = ViewController.swift; sourceTree = "<group>"; };
		259F86A125FA0F7F007DAC4A /* Base */ = {isa = PBXFileReference; lastKnownFileType = file.storyboard; name = Base; path = Base.lproj/Main.storyboard; sourceTree = "<group>"; };
		259F86A325FA0F81007DAC4A /* Assets.xcassets */ = {isa = PBXFileReference; lastKnownFileType = folder.assetcatalog; path = Assets.xcassets; sourceTree = "<group>"; };
		259F86A625FA0F81007DAC4A /* Base */ = {isa = PBXFileReference; lastKnownFileType = file.storyboard; name = Base; path = Base.lproj/LaunchScreen.storyboard; sourceTree = "<group>"; };
		259F86A825FA0F81007DAC4A /* Info.plist */ = {isa = PBXFileReference; lastKnownFileType = text.plist.xml; path = Info.plist; sourceTree = "<group>"; };
		259F86AD25FA0F81007DAC4A /* RxFlickrSearchTests.xctest */ = {isa = PBXFileReference; explicitFileType = wrapper.cfbundle; includeInIndex = 0; path = RxFlickrSearchTests.xctest; sourceTree = BUILT_PRODUCTS_DIR; };
		259F86B125FA0F81007DAC4A /* RxFlickrSearchTests.swift */ = {isa = PBXFileReference; lastKnownFileType = sourcecode.swift; path = RxFlickrSearchTests.swift; sourceTree = "<group>"; };
		259F86B325FA0F81007DAC4A /* Info.plist */ = {isa = PBXFileReference; lastKnownFileType = text.plist.xml; path = Info.plist; sourceTree = "<group>"; };
		259F86B825FA0F81007DAC4A /* RxFlickrSearchUITests.xctest */ = {isa = PBXFileReference; explicitFileType = wrapper.cfbundle; includeInIndex = 0; path = RxFlickrSearchUITests.xctest; sourceTree = BUILT_PRODUCTS_DIR; };
		259F86BC25FA0F81007DAC4A /* RxFlickrSearchUITests.swift */ = {isa = PBXFileReference; lastKnownFileType = sourcecode.swift; path = RxFlickrSearchUITests.swift; sourceTree = "<group>"; };
		259F86BE25FA0F81007DAC4A /* Info.plist */ = {isa = PBXFileReference; lastKnownFileType = text.plist.xml; path = Info.plist; sourceTree = "<group>"; };
		259F86DC25FA5A5A007DAC4A /* APIService.swift */ = {isa = PBXFileReference; lastKnownFileType = sourcecode.swift; path = APIService.swift; sourceTree = "<group>"; };
		259F86E125FA5A6C007DAC4A /* ViewModel.swift */ = {isa = PBXFileReference; lastKnownFileType = sourcecode.swift; path = ViewModel.swift; sourceTree = "<group>"; };
		259F86EC25FA5B3C007DAC4A /* PhotoCollectionViewCell.swift */ = {isa = PBXFileReference; lastKnownFileType = sourcecode.swift; path = PhotoCollectionViewCell.swift; sourceTree = "<group>"; };
		259F86F425FA5DAB007DAC4A /* HeaderCollectionReusableView.swift */ = {isa = PBXFileReference; lastKnownFileType = sourcecode.swift; path = HeaderCollectionReusableView.swift; sourceTree = "<group>"; };
		25AEF50425FBB457005AA645 /* PhotoModel.swift */ = {isa = PBXFileReference; lastKnownFileType = sourcecode.swift; path = PhotoModel.swift; sourceTree = "<group>"; };
		3237AC57BA5D0957231EA040 /* Pods-RxFlickrSearch.release.xcconfig */ = {isa = PBXFileReference; includeInIndex = 1; lastKnownFileType = text.xcconfig; name = "Pods-RxFlickrSearch.release.xcconfig"; path = "Target Support Files/Pods-RxFlickrSearch/Pods-RxFlickrSearch.release.xcconfig"; sourceTree = "<group>"; };
		3C28D1E888C4C8F9D968542F /* Pods_RxFlickrSearch_RxFlickrSearchUITests.framework */ = {isa = PBXFileReference; explicitFileType = wrapper.framework; includeInIndex = 0; path = Pods_RxFlickrSearch_RxFlickrSearchUITests.framework; sourceTree = BUILT_PRODUCTS_DIR; };
		3DCCA73B27A08085DF46ED20 /* Pods-RxFlickrSearch-RxFlickrSearchUITests.debug.xcconfig */ = {isa = PBXFileReference; includeInIndex = 1; lastKnownFileType = text.xcconfig; name = "Pods-RxFlickrSearch-RxFlickrSearchUITests.debug.xcconfig"; path = "Target Support Files/Pods-RxFlickrSearch-RxFlickrSearchUITests/Pods-RxFlickrSearch-RxFlickrSearchUITests.debug.xcconfig"; sourceTree = "<group>"; };
		8AB9347A79DB4114CED3E830 /* Pods-RxFlickrSearch.debug.xcconfig */ = {isa = PBXFileReference; includeInIndex = 1; lastKnownFileType = text.xcconfig; name = "Pods-RxFlickrSearch.debug.xcconfig"; path = "Target Support Files/Pods-RxFlickrSearch/Pods-RxFlickrSearch.debug.xcconfig"; sourceTree = "<group>"; };
		92FAFF46D4D30E42A88A3F4A /* Pods-RxFlickrSearchTests.debug.xcconfig */ = {isa = PBXFileReference; includeInIndex = 1; lastKnownFileType = text.xcconfig; name = "Pods-RxFlickrSearchTests.debug.xcconfig"; path = "Target Support Files/Pods-RxFlickrSearchTests/Pods-RxFlickrSearchTests.debug.xcconfig"; sourceTree = "<group>"; };
		ACCE19112BE51CD3109AF1ED /* Pods-RxFlickrSearch-RxFlickrSearchUITests.release.xcconfig */ = {isa = PBXFileReference; includeInIndex = 1; lastKnownFileType = text.xcconfig; name = "Pods-RxFlickrSearch-RxFlickrSearchUITests.release.xcconfig"; path = "Target Support Files/Pods-RxFlickrSearch-RxFlickrSearchUITests/Pods-RxFlickrSearch-RxFlickrSearchUITests.release.xcconfig"; sourceTree = "<group>"; };
		E459AC1ED29C7659B5B41C11 /* Pods_RxFlickrSearch.framework */ = {isa = PBXFileReference; explicitFileType = wrapper.framework; includeInIndex = 0; path = Pods_RxFlickrSearch.framework; sourceTree = BUILT_PRODUCTS_DIR; };
		EA4F15F7A415E97880CF8DE9 /* Pods_RxFlickrSearchTests.framework */ = {isa = PBXFileReference; explicitFileType = wrapper.framework; includeInIndex = 0; path = Pods_RxFlickrSearchTests.framework; sourceTree = BUILT_PRODUCTS_DIR; };
		ED0DDB8D047C585F8EEFCB01 /* Pods-RxFlickrSearchTests.release.xcconfig */ = {isa = PBXFileReference; includeInIndex = 1; lastKnownFileType = text.xcconfig; name = "Pods-RxFlickrSearchTests.release.xcconfig"; path = "Target Support Files/Pods-RxFlickrSearchTests/Pods-RxFlickrSearchTests.release.xcconfig"; sourceTree = "<group>"; };
/* End PBXFileReference section */

/* Begin PBXFrameworksBuildPhase section */
		259F869425FA0F7F007DAC4A /* Frameworks */ = {
			isa = PBXFrameworksBuildPhase;
			buildActionMask = 2147483647;
			files = (
				CFF652937139CF9222852BC4 /* Pods_RxFlickrSearch.framework in Frameworks */,
			);
			runOnlyForDeploymentPostprocessing = 0;
		};
		259F86AA25FA0F81007DAC4A /* Frameworks */ = {
			isa = PBXFrameworksBuildPhase;
			buildActionMask = 2147483647;
			files = (
				385259FECCDBC4ECC286B8AD /* Pods_RxFlickrSearchTests.framework in Frameworks */,
			);
			runOnlyForDeploymentPostprocessing = 0;
		};
		259F86B525FA0F81007DAC4A /* Frameworks */ = {
			isa = PBXFrameworksBuildPhase;
			buildActionMask = 2147483647;
			files = (
				78185F2F837CF5813F78A4CD /* Pods_RxFlickrSearch_RxFlickrSearchUITests.framework in Frameworks */,
			);
			runOnlyForDeploymentPostprocessing = 0;
		};
/* End PBXFrameworksBuildPhase section */

/* Begin PBXGroup section */
		08463133B882F4D65A5F8395 /* Frameworks */ = {
			isa = PBXGroup;
			children = (
				E459AC1ED29C7659B5B41C11 /* Pods_RxFlickrSearch.framework */,
				3C28D1E888C4C8F9D968542F /* Pods_RxFlickrSearch_RxFlickrSearchUITests.framework */,
				EA4F15F7A415E97880CF8DE9 /* Pods_RxFlickrSearchTests.framework */,
			);
			name = Frameworks;
			sourceTree = "<group>";
		};
		259F868E25FA0F7F007DAC4A = {
			isa = PBXGroup;
			children = (
				259F869925FA0F7F007DAC4A /* RxFlickrSearch */,
				259F86B025FA0F81007DAC4A /* RxFlickrSearchTests */,
				259F86BB25FA0F81007DAC4A /* RxFlickrSearchUITests */,
				259F869825FA0F7F007DAC4A /* Products */,
				A89B127A71CC13D526189B5C /* Pods */,
				08463133B882F4D65A5F8395 /* Frameworks */,
			);
			sourceTree = "<group>";
		};
		259F869825FA0F7F007DAC4A /* Products */ = {
			isa = PBXGroup;
			children = (
				259F869725FA0F7F007DAC4A /* RxFlickrSearch.app */,
				259F86AD25FA0F81007DAC4A /* RxFlickrSearchTests.xctest */,
				259F86B825FA0F81007DAC4A /* RxFlickrSearchUITests.xctest */,
			);
			name = Products;
			sourceTree = "<group>";
		};
		259F869925FA0F7F007DAC4A /* RxFlickrSearch */ = {
			isa = PBXGroup;
			children = (
				259F86E725FA5A7C007DAC4A /* AppDelegate */,
				259F86E625FA5A70007DAC4A /* Asset */,
				259F86DB25FA5A4C007DAC4A /* Network */,
				259F86DA25FA5A48007DAC4A /* Model */,
				259F86D925FA5A42007DAC4A /* ViewModel */,
				259F86D825FA5A3E007DAC4A /* View */,
				259F86A825FA0F81007DAC4A /* Info.plist */,
			);
			path = RxFlickrSearch;
			sourceTree = "<group>";
		};
		259F86B025FA0F81007DAC4A /* RxFlickrSearchTests */ = {
			isa = PBXGroup;
			children = (
				259F86B125FA0F81007DAC4A /* RxFlickrSearchTests.swift */,
				259F86B325FA0F81007DAC4A /* Info.plist */,
			);
			path = RxFlickrSearchTests;
			sourceTree = "<group>";
		};
		259F86BB25FA0F81007DAC4A /* RxFlickrSearchUITests */ = {
			isa = PBXGroup;
			children = (
				259F86BC25FA0F81007DAC4A /* RxFlickrSearchUITests.swift */,
				259F86BE25FA0F81007DAC4A /* Info.plist */,
			);
			path = RxFlickrSearchUITests;
			sourceTree = "<group>";
		};
		259F86D825FA5A3E007DAC4A /* View */ = {
			isa = PBXGroup;
			children = (
				259F869E25FA0F7F007DAC4A /* ViewController.swift */,
				259F86EC25FA5B3C007DAC4A /* PhotoCollectionViewCell.swift */,
				259F86F425FA5DAB007DAC4A /* HeaderCollectionReusableView.swift */,
			);
			path = View;
			sourceTree = "<group>";
		};
		259F86D925FA5A42007DAC4A /* ViewModel */ = {
			isa = PBXGroup;
			children = (
				259F86E125FA5A6C007DAC4A /* ViewModel.swift */,
			);
			path = ViewModel;
			sourceTree = "<group>";
		};
		259F86DA25FA5A48007DAC4A /* Model */ = {
			isa = PBXGroup;
			children = (
				25AEF50425FBB457005AA645 /* PhotoModel.swift */,
			);
			path = Model;
			sourceTree = "<group>";
		};
		259F86DB25FA5A4C007DAC4A /* Network */ = {
			isa = PBXGroup;
			children = (
				259F86DC25FA5A5A007DAC4A /* APIService.swift */,
			);
			path = Network;
			sourceTree = "<group>";
		};
		259F86E625FA5A70007DAC4A /* Asset */ = {
			isa = PBXGroup;
			children = (
				259F86A025FA0F7F007DAC4A /* Main.storyboard */,
				259F86A325FA0F81007DAC4A /* Assets.xcassets */,
				259F86A525FA0F81007DAC4A /* LaunchScreen.storyboard */,
			);
			path = Asset;
			sourceTree = "<group>";
		};
		259F86E725FA5A7C007DAC4A /* AppDelegate */ = {
			isa = PBXGroup;
			children = (
				259F869A25FA0F7F007DAC4A /* AppDelegate.swift */,
				259F869C25FA0F7F007DAC4A /* SceneDelegate.swift */,
			);
			path = AppDelegate;
			sourceTree = "<group>";
		};
		A89B127A71CC13D526189B5C /* Pods */ = {
			isa = PBXGroup;
			children = (
				8AB9347A79DB4114CED3E830 /* Pods-RxFlickrSearch.debug.xcconfig */,
				3237AC57BA5D0957231EA040 /* Pods-RxFlickrSearch.release.xcconfig */,
				3DCCA73B27A08085DF46ED20 /* Pods-RxFlickrSearch-RxFlickrSearchUITests.debug.xcconfig */,
				ACCE19112BE51CD3109AF1ED /* Pods-RxFlickrSearch-RxFlickrSearchUITests.release.xcconfig */,
				92FAFF46D4D30E42A88A3F4A /* Pods-RxFlickrSearchTests.debug.xcconfig */,
				ED0DDB8D047C585F8EEFCB01 /* Pods-RxFlickrSearchTests.release.xcconfig */,
			);
			path = Pods;
			sourceTree = "<group>";
		};
/* End PBXGroup section */

/* Begin PBXNativeTarget section */
		259F869625FA0F7F007DAC4A /* RxFlickrSearch */ = {
			isa = PBXNativeTarget;
			buildConfigurationList = 259F86C125FA0F81007DAC4A /* Build configuration list for PBXNativeTarget "RxFlickrSearch" */;
			buildPhases = (
				319FC2010F26838BF9F95CFB /* [CP] Check Pods Manifest.lock */,
				259F869325FA0F7F007DAC4A /* Sources */,
				259F869425FA0F7F007DAC4A /* Frameworks */,
				259F869525FA0F7F007DAC4A /* Resources */,
				5D1D36B2E63AE46164EA29D2 /* [CP] Embed Pods Frameworks */,
			);
			buildRules = (
			);
			dependencies = (
			);
			name = RxFlickrSearch;
			productName = RxFlickrSearch;
			productReference = 259F869725FA0F7F007DAC4A /* RxFlickrSearch.app */;
			productType = "com.apple.product-type.application";
		};
		259F86AC25FA0F81007DAC4A /* RxFlickrSearchTests */ = {
			isa = PBXNativeTarget;
			buildConfigurationList = 259F86C425FA0F81007DAC4A /* Build configuration list for PBXNativeTarget "RxFlickrSearchTests" */;
			buildPhases = (
				96727DA00DFE22652169D16D /* [CP] Check Pods Manifest.lock */,
				259F86A925FA0F81007DAC4A /* Sources */,
				259F86AA25FA0F81007DAC4A /* Frameworks */,
				259F86AB25FA0F81007DAC4A /* Resources */,
			);
			buildRules = (
			);
			dependencies = (
				259F86AF25FA0F81007DAC4A /* PBXTargetDependency */,
			);
			name = RxFlickrSearchTests;
			productName = RxFlickrSearchTests;
			productReference = 259F86AD25FA0F81007DAC4A /* RxFlickrSearchTests.xctest */;
			productType = "com.apple.product-type.bundle.unit-test";
		};
		259F86B725FA0F81007DAC4A /* RxFlickrSearchUITests */ = {
			isa = PBXNativeTarget;
			buildConfigurationList = 259F86C725FA0F81007DAC4A /* Build configuration list for PBXNativeTarget "RxFlickrSearchUITests" */;
			buildPhases = (
				DB8D880DBB91863A50BE59E6 /* [CP] Check Pods Manifest.lock */,
				259F86B425FA0F81007DAC4A /* Sources */,
				259F86B525FA0F81007DAC4A /* Frameworks */,
				259F86B625FA0F81007DAC4A /* Resources */,
				CF53FE402D9389DEC14D59DF /* [CP] Embed Pods Frameworks */,
			);
			buildRules = (
			);
			dependencies = (
				259F86BA25FA0F81007DAC4A /* PBXTargetDependency */,
			);
			name = RxFlickrSearchUITests;
			productName = RxFlickrSearchUITests;
			productReference = 259F86B825FA0F81007DAC4A /* RxFlickrSearchUITests.xctest */;
			productType = "com.apple.product-type.bundle.ui-testing";
		};
/* End PBXNativeTarget section */

/* Begin PBXProject section */
		259F868F25FA0F7F007DAC4A /* Project object */ = {
			isa = PBXProject;
			attributes = {
				LastSwiftUpdateCheck = 1220;
				LastUpgradeCheck = 1220;
				TargetAttributes = {
					259F869625FA0F7F007DAC4A = {
						CreatedOnToolsVersion = 12.2;
					};
					259F86AC25FA0F81007DAC4A = {
						CreatedOnToolsVersion = 12.2;
						TestTargetID = 259F869625FA0F7F007DAC4A;
					};
					259F86B725FA0F81007DAC4A = {
						CreatedOnToolsVersion = 12.2;
						TestTargetID = 259F869625FA0F7F007DAC4A;
					};
				};
			};
			buildConfigurationList = 259F869225FA0F7F007DAC4A /* Build configuration list for PBXProject "RxFlickrSearch" */;
			compatibilityVersion = "Xcode 9.3";
			developmentRegion = en;
			hasScannedForEncodings = 0;
			knownRegions = (
				en,
				Base,
			);
			mainGroup = 259F868E25FA0F7F007DAC4A;
			productRefGroup = 259F869825FA0F7F007DAC4A /* Products */;
			projectDirPath = "";
			projectRoot = "";
			targets = (
				259F869625FA0F7F007DAC4A /* RxFlickrSearch */,
				259F86AC25FA0F81007DAC4A /* RxFlickrSearchTests */,
				259F86B725FA0F81007DAC4A /* RxFlickrSearchUITests */,
			);
		};
/* End PBXProject section */

/* Begin PBXResourcesBuildPhase section */
		259F869525FA0F7F007DAC4A /* Resources */ = {
			isa = PBXResourcesBuildPhase;
			buildActionMask = 2147483647;
			files = (
				259F86A725FA0F81007DAC4A /* LaunchScreen.storyboard in Resources */,
				259F86A425FA0F81007DAC4A /* Assets.xcassets in Resources */,
				259F86A225FA0F7F007DAC4A /* Main.storyboard in Resources */,
			);
			runOnlyForDeploymentPostprocessing = 0;
		};
		259F86AB25FA0F81007DAC4A /* Resources */ = {
			isa = PBXResourcesBuildPhase;
			buildActionMask = 2147483647;
			files = (
			);
			runOnlyForDeploymentPostprocessing = 0;
		};
		259F86B625FA0F81007DAC4A /* Resources */ = {
			isa = PBXResourcesBuildPhase;
			buildActionMask = 2147483647;
			files = (
			);
			runOnlyForDeploymentPostprocessing = 0;
		};
/* End PBXResourcesBuildPhase section */

/* Begin PBXShellScriptBuildPhase section */
		319FC2010F26838BF9F95CFB /* [CP] Check Pods Manifest.lock */ = {
			isa = PBXShellScriptBuildPhase;
			buildActionMask = 2147483647;
			files = (
			);
			inputFileListPaths = (
			);
			inputPaths = (
				"${PODS_PODFILE_DIR_PATH}/Podfile.lock",
				"${PODS_ROOT}/Manifest.lock",
			);
			name = "[CP] Check Pods Manifest.lock";
			outputFileListPaths = (
			);
			outputPaths = (
				"$(DERIVED_FILE_DIR)/Pods-RxFlickrSearch-checkManifestLockResult.txt",
			);
			runOnlyForDeploymentPostprocessing = 0;
			shellPath = /bin/sh;
			shellScript = "diff \"${PODS_PODFILE_DIR_PATH}/Podfile.lock\" \"${PODS_ROOT}/Manifest.lock\" > /dev/null\nif [ $? != 0 ] ; then\n    # print error to STDERR\n    echo \"error: The sandbox is not in sync with the Podfile.lock. Run 'pod install' or update your CocoaPods installation.\" >&2\n    exit 1\nfi\n# This output is used by Xcode 'outputs' to avoid re-running this script phase.\necho \"SUCCESS\" > \"${SCRIPT_OUTPUT_FILE_0}\"\n";
			showEnvVarsInLog = 0;
		};
		5D1D36B2E63AE46164EA29D2 /* [CP] Embed Pods Frameworks */ = {
			isa = PBXShellScriptBuildPhase;
			buildActionMask = 2147483647;
			files = (
			);
			inputFileListPaths = (
				"${PODS_ROOT}/Target Support Files/Pods-RxFlickrSearch/Pods-RxFlickrSearch-frameworks-${CONFIGURATION}-input-files.xcfilelist",
			);
			name = "[CP] Embed Pods Frameworks";
			outputFileListPaths = (
				"${PODS_ROOT}/Target Support Files/Pods-RxFlickrSearch/Pods-RxFlickrSearch-frameworks-${CONFIGURATION}-output-files.xcfilelist",
			);
			runOnlyForDeploymentPostprocessing = 0;
			shellPath = /bin/sh;
			shellScript = "\"${PODS_ROOT}/Target Support Files/Pods-RxFlickrSearch/Pods-RxFlickrSearch-frameworks.sh\"\n";
			showEnvVarsInLog = 0;
		};
		96727DA00DFE22652169D16D /* [CP] Check Pods Manifest.lock */ = {
			isa = PBXShellScriptBuildPhase;
			buildActionMask = 2147483647;
			files = (
			);
			inputFileListPaths = (
			);
			inputPaths = (
				"${PODS_PODFILE_DIR_PATH}/Podfile.lock",
				"${PODS_ROOT}/Manifest.lock",
			);
			name = "[CP] Check Pods Manifest.lock";
			outputFileListPaths = (
			);
			outputPaths = (
				"$(DERIVED_FILE_DIR)/Pods-RxFlickrSearchTests-checkManifestLockResult.txt",
			);
			runOnlyForDeploymentPostprocessing = 0;
			shellPath = /bin/sh;
			shellScript = "diff \"${PODS_PODFILE_DIR_PATH}/Podfile.lock\" \"${PODS_ROOT}/Manifest.lock\" > /dev/null\nif [ $? != 0 ] ; then\n    # print error to STDERR\n    echo \"error: The sandbox is not in sync with the Podfile.lock. Run 'pod install' or update your CocoaPods installation.\" >&2\n    exit 1\nfi\n# This output is used by Xcode 'outputs' to avoid re-running this script phase.\necho \"SUCCESS\" > \"${SCRIPT_OUTPUT_FILE_0}\"\n";
			showEnvVarsInLog = 0;
		};
		CF53FE402D9389DEC14D59DF /* [CP] Embed Pods Frameworks */ = {
			isa = PBXShellScriptBuildPhase;
			buildActionMask = 2147483647;
			files = (
			);
			inputFileListPaths = (
				"${PODS_ROOT}/Target Support Files/Pods-RxFlickrSearch-RxFlickrSearchUITests/Pods-RxFlickrSearch-RxFlickrSearchUITests-frameworks-${CONFIGURATION}-input-files.xcfilelist",
			);
			name = "[CP] Embed Pods Frameworks";
			outputFileListPaths = (
				"${PODS_ROOT}/Target Support Files/Pods-RxFlickrSearch-RxFlickrSearchUITests/Pods-RxFlickrSearch-RxFlickrSearchUITests-frameworks-${CONFIGURATION}-output-files.xcfilelist",
			);
			runOnlyForDeploymentPostprocessing = 0;
			shellPath = /bin/sh;
			shellScript = "\"${PODS_ROOT}/Target Support Files/Pods-RxFlickrSearch-RxFlickrSearchUITests/Pods-RxFlickrSearch-RxFlickrSearchUITests-frameworks.sh\"\n";
			showEnvVarsInLog = 0;
		};
		DB8D880DBB91863A50BE59E6 /* [CP] Check Pods Manifest.lock */ = {
			isa = PBXShellScriptBuildPhase;
			buildActionMask = 2147483647;
			files = (
			);
			inputFileListPaths = (
			);
			inputPaths = (
				"${PODS_PODFILE_DIR_PATH}/Podfile.lock",
				"${PODS_ROOT}/Manifest.lock",
			);
			name = "[CP] Check Pods Manifest.lock";
			outputFileListPaths = (
			);
			outputPaths = (
				"$(DERIVED_FILE_DIR)/Pods-RxFlickrSearch-RxFlickrSearchUITests-checkManifestLockResult.txt",
			);
			runOnlyForDeploymentPostprocessing = 0;
			shellPath = /bin/sh;
			shellScript = "diff \"${PODS_PODFILE_DIR_PATH}/Podfile.lock\" \"${PODS_ROOT}/Manifest.lock\" > /dev/null\nif [ $? != 0 ] ; then\n    # print error to STDERR\n    echo \"error: The sandbox is not in sync with the Podfile.lock. Run 'pod install' or update your CocoaPods installation.\" >&2\n    exit 1\nfi\n# This output is used by Xcode 'outputs' to avoid re-running this script phase.\necho \"SUCCESS\" > \"${SCRIPT_OUTPUT_FILE_0}\"\n";
			showEnvVarsInLog = 0;
		};
/* End PBXShellScriptBuildPhase section */

/* Begin PBXSourcesBuildPhase section */
		259F869325FA0F7F007DAC4A /* Sources */ = {
			isa = PBXSourcesBuildPhase;
			buildActionMask = 2147483647;
			files = (
				259F86F525FA5DAB007DAC4A /* HeaderCollectionReusableView.swift in Sources */,
				259F86E225FA5A6C007DAC4A /* ViewModel.swift in Sources */,
				259F869F25FA0F7F007DAC4A /* ViewController.swift in Sources */,
				259F869B25FA0F7F007DAC4A /* AppDelegate.swift in Sources */,
				259F86DD25FA5A5A007DAC4A /* APIService.swift in Sources */,
				259F869D25FA0F7F007DAC4A /* SceneDelegate.swift in Sources */,
				25AEF50525FBB457005AA645 /* PhotoModel.swift in Sources */,
				259F86ED25FA5B3C007DAC4A /* PhotoCollectionViewCell.swift in Sources */,
			);
			runOnlyForDeploymentPostprocessing = 0;
		};
		259F86A925FA0F81007DAC4A /* Sources */ = {
			isa = PBXSourcesBuildPhase;
			buildActionMask = 2147483647;
			files = (
				25AEF50D25FC505E005AA645 /* PhotoModel.swift in Sources */,
				25AEF50925FC4FCE005AA645 /* APIService.swift in Sources */,
				259F86B225FA0F81007DAC4A /* RxFlickrSearchTests.swift in Sources */,
			);
			runOnlyForDeploymentPostprocessing = 0;
		};
		259F86B425FA0F81007DAC4A /* Sources */ = {
			isa = PBXSourcesBuildPhase;
			buildActionMask = 2147483647;
			files = (
				259F86BD25FA0F81007DAC4A /* RxFlickrSearchUITests.swift in Sources */,
			);
			runOnlyForDeploymentPostprocessing = 0;
		};
/* End PBXSourcesBuildPhase section */

/* Begin PBXTargetDependency section */
		259F86AF25FA0F81007DAC4A /* PBXTargetDependency */ = {
			isa = PBXTargetDependency;
			target = 259F869625FA0F7F007DAC4A /* RxFlickrSearch */;
			targetProxy = 259F86AE25FA0F81007DAC4A /* PBXContainerItemProxy */;
		};
		259F86BA25FA0F81007DAC4A /* PBXTargetDependency */ = {
			isa = PBXTargetDependency;
			target = 259F869625FA0F7F007DAC4A /* RxFlickrSearch */;
			targetProxy = 259F86B925FA0F81007DAC4A /* PBXContainerItemProxy */;
		};
/* End PBXTargetDependency section */

/* Begin PBXVariantGroup section */
		259F86A025FA0F7F007DAC4A /* Main.storyboard */ = {
			isa = PBXVariantGroup;
			children = (
				259F86A125FA0F7F007DAC4A /* Base */,
			);
			name = Main.storyboard;
			sourceTree = "<group>";
		};
		259F86A525FA0F81007DAC4A /* LaunchScreen.storyboard */ = {
			isa = PBXVariantGroup;
			children = (
				259F86A625FA0F81007DAC4A /* Base */,
			);
			name = LaunchScreen.storyboard;
			sourceTree = "<group>";
		};
/* End PBXVariantGroup section */

/* Begin XCBuildConfiguration section */
		259F86BF25FA0F81007DAC4A /* Debug */ = {
			isa = XCBuildConfiguration;
			buildSettings = {
				ALWAYS_SEARCH_USER_PATHS = NO;
				CLANG_ANALYZER_NONNULL = YES;
				CLANG_ANALYZER_NUMBER_OBJECT_CONVERSION = YES_AGGRESSIVE;
				CLANG_CXX_LANGUAGE_STANDARD = "gnu++14";
				CLANG_CXX_LIBRARY = "libc++";
				CLANG_ENABLE_MODULES = YES;
				CLANG_ENABLE_OBJC_ARC = YES;
				CLANG_ENABLE_OBJC_WEAK = YES;
				CLANG_WARN_BLOCK_CAPTURE_AUTORELEASING = YES;
				CLANG_WARN_BOOL_CONVERSION = YES;
				CLANG_WARN_COMMA = YES;
				CLANG_WARN_CONSTANT_CONVERSION = YES;
				CLANG_WARN_DEPRECATED_OBJC_IMPLEMENTATIONS = YES;
				CLANG_WARN_DIRECT_OBJC_ISA_USAGE = YES_ERROR;
				CLANG_WARN_DOCUMENTATION_COMMENTS = YES;
				CLANG_WARN_EMPTY_BODY = YES;
				CLANG_WARN_ENUM_CONVERSION = YES;
				CLANG_WARN_INFINITE_RECURSION = YES;
				CLANG_WARN_INT_CONVERSION = YES;
				CLANG_WARN_NON_LITERAL_NULL_CONVERSION = YES;
				CLANG_WARN_OBJC_IMPLICIT_RETAIN_SELF = YES;
				CLANG_WARN_OBJC_LITERAL_CONVERSION = YES;
				CLANG_WARN_OBJC_ROOT_CLASS = YES_ERROR;
				CLANG_WARN_QUOTED_INCLUDE_IN_FRAMEWORK_HEADER = YES;
				CLANG_WARN_RANGE_LOOP_ANALYSIS = YES;
				CLANG_WARN_STRICT_PROTOTYPES = YES;
				CLANG_WARN_SUSPICIOUS_MOVE = YES;
				CLANG_WARN_UNGUARDED_AVAILABILITY = YES_AGGRESSIVE;
				CLANG_WARN_UNREACHABLE_CODE = YES;
				CLANG_WARN__DUPLICATE_METHOD_MATCH = YES;
				COPY_PHASE_STRIP = NO;
				DEBUG_INFORMATION_FORMAT = dwarf;
				ENABLE_STRICT_OBJC_MSGSEND = YES;
				ENABLE_TESTABILITY = YES;
				GCC_C_LANGUAGE_STANDARD = gnu11;
				GCC_DYNAMIC_NO_PIC = NO;
				GCC_NO_COMMON_BLOCKS = YES;
				GCC_OPTIMIZATION_LEVEL = 0;
				GCC_PREPROCESSOR_DEFINITIONS = (
					"DEBUG=1",
					"$(inherited)",
				);
				GCC_WARN_64_TO_32_BIT_CONVERSION = YES;
				GCC_WARN_ABOUT_RETURN_TYPE = YES_ERROR;
				GCC_WARN_UNDECLARED_SELECTOR = YES;
				GCC_WARN_UNINITIALIZED_AUTOS = YES_AGGRESSIVE;
				GCC_WARN_UNUSED_FUNCTION = YES;
				GCC_WARN_UNUSED_VARIABLE = YES;
				IPHONEOS_DEPLOYMENT_TARGET = 14.2;
				MTL_ENABLE_DEBUG_INFO = INCLUDE_SOURCE;
				MTL_FAST_MATH = YES;
				ONLY_ACTIVE_ARCH = YES;
				SDKROOT = iphoneos;
				SWIFT_ACTIVE_COMPILATION_CONDITIONS = DEBUG;
				SWIFT_OPTIMIZATION_LEVEL = "-Onone";
			};
			name = Debug;
		};
		259F86C025FA0F81007DAC4A /* Release */ = {
			isa = XCBuildConfiguration;
			buildSettings = {
				ALWAYS_SEARCH_USER_PATHS = NO;
				CLANG_ANALYZER_NONNULL = YES;
				CLANG_ANALYZER_NUMBER_OBJECT_CONVERSION = YES_AGGRESSIVE;
				CLANG_CXX_LANGUAGE_STANDARD = "gnu++14";
				CLANG_CXX_LIBRARY = "libc++";
				CLANG_ENABLE_MODULES = YES;
				CLANG_ENABLE_OBJC_ARC = YES;
				CLANG_ENABLE_OBJC_WEAK = YES;
				CLANG_WARN_BLOCK_CAPTURE_AUTORELEASING = YES;
				CLANG_WARN_BOOL_CONVERSION = YES;
				CLANG_WARN_COMMA = YES;
				CLANG_WARN_CONSTANT_CONVERSION = YES;
				CLANG_WARN_DEPRECATED_OBJC_IMPLEMENTATIONS = YES;
				CLANG_WARN_DIRECT_OBJC_ISA_USAGE = YES_ERROR;
				CLANG_WARN_DOCUMENTATION_COMMENTS = YES;
				CLANG_WARN_EMPTY_BODY = YES;
				CLANG_WARN_ENUM_CONVERSION = YES;
				CLANG_WARN_INFINITE_RECURSION = YES;
				CLANG_WARN_INT_CONVERSION = YES;
				CLANG_WARN_NON_LITERAL_NULL_CONVERSION = YES;
				CLANG_WARN_OBJC_IMPLICIT_RETAIN_SELF = YES;
				CLANG_WARN_OBJC_LITERAL_CONVERSION = YES;
				CLANG_WARN_OBJC_ROOT_CLASS = YES_ERROR;
				CLANG_WARN_QUOTED_INCLUDE_IN_FRAMEWORK_HEADER = YES;
				CLANG_WARN_RANGE_LOOP_ANALYSIS = YES;
				CLANG_WARN_STRICT_PROTOTYPES = YES;
				CLANG_WARN_SUSPICIOUS_MOVE = YES;
				CLANG_WARN_UNGUARDED_AVAILABILITY = YES_AGGRESSIVE;
				CLANG_WARN_UNREACHABLE_CODE = YES;
				CLANG_WARN__DUPLICATE_METHOD_MATCH = YES;
				COPY_PHASE_STRIP = NO;
				DEBUG_INFORMATION_FORMAT = "dwarf-with-dsym";
				ENABLE_NS_ASSERTIONS = NO;
				ENABLE_STRICT_OBJC_MSGSEND = YES;
				GCC_C_LANGUAGE_STANDARD = gnu11;
				GCC_NO_COMMON_BLOCKS = YES;
				GCC_WARN_64_TO_32_BIT_CONVERSION = YES;
				GCC_WARN_ABOUT_RETURN_TYPE = YES_ERROR;
				GCC_WARN_UNDECLARED_SELECTOR = YES;
				GCC_WARN_UNINITIALIZED_AUTOS = YES_AGGRESSIVE;
				GCC_WARN_UNUSED_FUNCTION = YES;
				GCC_WARN_UNUSED_VARIABLE = YES;
				IPHONEOS_DEPLOYMENT_TARGET = 14.2;
				MTL_ENABLE_DEBUG_INFO = NO;
				MTL_FAST_MATH = YES;
				SDKROOT = iphoneos;
				SWIFT_COMPILATION_MODE = wholemodule;
				SWIFT_OPTIMIZATION_LEVEL = "-O";
				VALIDATE_PRODUCT = YES;
			};
			name = Release;
		};
		259F86C225FA0F81007DAC4A /* Debug */ = {
			isa = XCBuildConfiguration;
			baseConfigurationReference = 8AB9347A79DB4114CED3E830 /* Pods-RxFlickrSearch.debug.xcconfig */;
			buildSettings = {
				ASSETCATALOG_COMPILER_APPICON_NAME = AppIcon;
				ASSETCATALOG_COMPILER_GLOBAL_ACCENT_COLOR_NAME = AccentColor;
				CODE_SIGN_STYLE = Automatic;
				DEVELOPMENT_TEAM = 62MCJDNV3Q;
				INFOPLIST_FILE = RxFlickrSearch/Info.plist;
				LD_RUNPATH_SEARCH_PATHS = (
					"$(inherited)",
					"@executable_path/Frameworks",
				);
				PRODUCT_BUNDLE_IDENTIFIER = soonhyuk.RxFlickrSearch;
				PRODUCT_NAME = "$(TARGET_NAME)";
				SWIFT_VERSION = 5.0;
				TARGETED_DEVICE_FAMILY = "1,2";
			};
			name = Debug;
		};
		259F86C325FA0F81007DAC4A /* Release */ = {
			isa = XCBuildConfiguration;
			baseConfigurationReference = 3237AC57BA5D0957231EA040 /* Pods-RxFlickrSearch.release.xcconfig */;
			buildSettings = {
				ASSETCATALOG_COMPILER_APPICON_NAME = AppIcon;
				ASSETCATALOG_COMPILER_GLOBAL_ACCENT_COLOR_NAME = AccentColor;
				CODE_SIGN_STYLE = Automatic;
				DEVELOPMENT_TEAM = 62MCJDNV3Q;
				INFOPLIST_FILE = RxFlickrSearch/Info.plist;
				LD_RUNPATH_SEARCH_PATHS = (
					"$(inherited)",
					"@executable_path/Frameworks",
				);
				PRODUCT_BUNDLE_IDENTIFIER = soonhyuk.RxFlickrSearch;
				PRODUCT_NAME = "$(TARGET_NAME)";
				SWIFT_VERSION = 5.0;
				TARGETED_DEVICE_FAMILY = "1,2";
			};
			name = Release;
		};
		259F86C525FA0F81007DAC4A /* Debug */ = {
			isa = XCBuildConfiguration;
			baseConfigurationReference = 92FAFF46D4D30E42A88A3F4A /* Pods-RxFlickrSearchTests.debug.xcconfig */;
			buildSettings = {
				ALWAYS_EMBED_SWIFT_STANDARD_LIBRARIES = YES;
				BUNDLE_LOADER = "$(TEST_HOST)";
				CODE_SIGN_STYLE = Automatic;
				DEVELOPMENT_TEAM = 62MCJDNV3Q;
				INFOPLIST_FILE = RxFlickrSearchTests/Info.plist;
				IPHONEOS_DEPLOYMENT_TARGET = 14.2;
				LD_RUNPATH_SEARCH_PATHS = (
					"$(inherited)",
					"@executable_path/Frameworks",
					"@loader_path/Frameworks",
				);
				PRODUCT_BUNDLE_IDENTIFIER = soonhyuk.RxFlickrSearchTests;
				PRODUCT_NAME = "$(TARGET_NAME)";
				SWIFT_VERSION = 5.0;
				TARGETED_DEVICE_FAMILY = "1,2";
				TEST_HOST = "$(BUILT_PRODUCTS_DIR)/RxFlickrSearch.app/RxFlickrSearch";
			};
			name = Debug;
		};
		259F86C625FA0F81007DAC4A /* Release */ = {
			isa = XCBuildConfiguration;
			baseConfigurationReference = ED0DDB8D047C585F8EEFCB01 /* Pods-RxFlickrSearchTests.release.xcconfig */;
			buildSettings = {
				ALWAYS_EMBED_SWIFT_STANDARD_LIBRARIES = YES;
				BUNDLE_LOADER = "$(TEST_HOST)";
				CODE_SIGN_STYLE = Automatic;
				DEVELOPMENT_TEAM = 62MCJDNV3Q;
				INFOPLIST_FILE = RxFlickrSearchTests/Info.plist;
				IPHONEOS_DEPLOYMENT_TARGET = 14.2;
				LD_RUNPATH_SEARCH_PATHS = (
					"$(inherited)",
					"@executable_path/Frameworks",
					"@loader_path/Frameworks",
				);
				PRODUCT_BUNDLE_IDENTIFIER = soonhyuk.RxFlickrSearchTests;
				PRODUCT_NAME = "$(TARGET_NAME)";
				SWIFT_VERSION = 5.0;
				TARGETED_DEVICE_FAMILY = "1,2";
				TEST_HOST = "$(BUILT_PRODUCTS_DIR)/RxFlickrSearch.app/RxFlickrSearch";
			};
			name = Release;
		};
		259F86C825FA0F81007DAC4A /* Debug */ = {
			isa = XCBuildConfiguration;
			baseConfigurationReference = 3DCCA73B27A08085DF46ED20 /* Pods-RxFlickrSearch-RxFlickrSearchUITests.debug.xcconfig */;
			buildSettings = {
				ALWAYS_EMBED_SWIFT_STANDARD_LIBRARIES = YES;
				CODE_SIGN_STYLE = Automatic;
				DEVELOPMENT_TEAM = 62MCJDNV3Q;
				INFOPLIST_FILE = RxFlickrSearchUITests/Info.plist;
				LD_RUNPATH_SEARCH_PATHS = (
					"$(inherited)",
					"@executable_path/Frameworks",
					"@loader_path/Frameworks",
				);
				PRODUCT_BUNDLE_IDENTIFIER = soonhyuk.RxFlickrSearchUITests;
				PRODUCT_NAME = "$(TARGET_NAME)";
				SWIFT_VERSION = 5.0;
				TARGETED_DEVICE_FAMILY = "1,2";
				TEST_TARGET_NAME = RxFlickrSearch;
			};
			name = Debug;
		};
		259F86C925FA0F81007DAC4A /* Release */ = {
			isa = XCBuildConfiguration;
			baseConfigurationReference = ACCE19112BE51CD3109AF1ED /* Pods-RxFlickrSearch-RxFlickrSearchUITests.release.xcconfig */;
			buildSettings = {
				ALWAYS_EMBED_SWIFT_STANDARD_LIBRARIES = YES;
				CODE_SIGN_STYLE = Automatic;
				DEVELOPMENT_TEAM = 62MCJDNV3Q;
				INFOPLIST_FILE = RxFlickrSearchUITests/Info.plist;
				LD_RUNPATH_SEARCH_PATHS = (
					"$(inherited)",
					"@executable_path/Frameworks",
					"@loader_path/Frameworks",
				);
				PRODUCT_BUNDLE_IDENTIFIER = soonhyuk.RxFlickrSearchUITests;
				PRODUCT_NAME = "$(TARGET_NAME)";
				SWIFT_VERSION = 5.0;
				TARGETED_DEVICE_FAMILY = "1,2";
				TEST_TARGET_NAME = RxFlickrSearch;
			};
			name = Release;
		};
/* End XCBuildConfiguration section */

/* Begin XCConfigurationList section */
		259F869225FA0F7F007DAC4A /* Build configuration list for PBXProject "RxFlickrSearch" */ = {
			isa = XCConfigurationList;
			buildConfigurations = (
				259F86BF25FA0F81007DAC4A /* Debug */,
				259F86C025FA0F81007DAC4A /* Release */,
			);
			defaultConfigurationIsVisible = 0;
			defaultConfigurationName = Release;
		};
		259F86C125FA0F81007DAC4A /* Build configuration list for PBXNativeTarget "RxFlickrSearch" */ = {
			isa = XCConfigurationList;
			buildConfigurations = (
				259F86C225FA0F81007DAC4A /* Debug */,
				259F86C325FA0F81007DAC4A /* Release */,
			);
			defaultConfigurationIsVisible = 0;
			defaultConfigurationName = Release;
		};
		259F86C425FA0F81007DAC4A /* Build configuration list for PBXNativeTarget "RxFlickrSearchTests" */ = {
			isa = XCConfigurationList;
			buildConfigurations = (
				259F86C525FA0F81007DAC4A /* Debug */,
				259F86C625FA0F81007DAC4A /* Release */,
			);
			defaultConfigurationIsVisible = 0;
			defaultConfigurationName = Release;
		};
		259F86C725FA0F81007DAC4A /* Build configuration list for PBXNativeTarget "RxFlickrSearchUITests" */ = {
			isa = XCConfigurationList;
			buildConfigurations = (
				259F86C825FA0F81007DAC4A /* Debug */,
				259F86C925FA0F81007DAC4A /* Release */,
			);
			defaultConfigurationIsVisible = 0;
			defaultConfigurationName = Release;
		};
/* End XCConfigurationList section */
	};
	rootObject = 259F868F25FA0F7F007DAC4A /* Project object */;
}
